
Microsoft Visual Studio Solution File, Format Version 12.00
# Visual Studio Version 17
VisualStudioVersion = 17.13.35818.85
MinimumVisualStudioVersion = 10.0.40219.1
Project("{FAE04EC0-301F-11D3-BF4B-00C04F79EFBC}") = "CodeChallenge", "CodeChallenge.csproj", "{A9DC016C-0893-44BB-A336-669FC994D9FD}"
EndProject
Project("{FAE04EC0-301F-11D3-BF4B-00C04F79EFBC}") = "CorpoEmails", "..\CorpoEmails\CorpoEmails.csproj", "{A73BB9EE-A91A-4915-A326-53DFB23B69EE}"
EndProject
Project("{FAE04EC0-301F-11D3-BF4B-00C04F79EFBC}") = "Dice", "..\Dice\Dice.csproj", "{35AC8293-605C-422E-95B7-D996D80BD3B2}"
EndProject
Project("{FAE04EC0-301F-11D3-BF4B-00C04F79EFBC}") = "CaddaPettingZoo", "..\CaddaPettingZoo\CaddaPettingZoo.csproj", "{95551AC5-394C-4155-A213-FBDC8F419B59}"
EndProject
Project("{FAE04EC0-301F-11D3-BF4B-00C04F79EFBC}") = "PackMan", "..\PackMan\PackMan.csproj", "{731C6271-5EE8-4DC7-92A5-FE8FF4A21689}"
EndProject
Global
	GlobalSection(SolutionConfigurationPlatforms) = preSolution
		Debug|Any CPU = Debug|Any CPU
		Release|Any CPU = Release|Any CPU
	EndGlobalSection
	GlobalSection(ProjectConfigurationPlatforms) = postSolution
		{A9DC016C-0893-44BB-A336-669FC994D9FD}.Debug|Any CPU.ActiveCfg = Debug|Any CPU
		{A9DC016C-0893-44BB-A336-669FC994D9FD}.Debug|Any CPU.Build.0 = Debug|Any CPU
		{A9DC016C-0893-44BB-A336-669FC994D9FD}.Release|Any CPU.ActiveCfg = Release|Any CPU
		{A9DC016C-0893-44BB-A336-669FC994D9FD}.Release|Any CPU.Build.0 = Release|Any CPU
		{A73BB9EE-A91A-4915-A326-53DFB23B69EE}.Debug|Any CPU.ActiveCfg = Debug|Any CPU
		{A73BB9EE-A91A-4915-A326-53DFB23B69EE}.Debug|Any CPU.Build.0 = Debug|Any CPU
		{A73BB9EE-A91A-4915-A326-53DFB23B69EE}.Release|Any CPU.ActiveCfg = Release|Any CPU
		{A73BB9EE-A91A-4915-A326-53DFB23B69EE}.Release|Any CPU.Build.0 = Release|Any CPU
		{35AC8293-605C-422E-95B7-D996D80BD3B2}.Debug|Any CPU.ActiveCfg = Debug|Any CPU
		{35AC8293-605C-422E-95B7-D996D80BD3B2}.Debug|Any CPU.Build.0 = Debug|Any CPU
		{35AC8293-605C-422E-95B7-D996D80BD3B2}.Release|Any CPU.ActiveCfg = Release|Any CPU
		{35AC8293-605C-422E-95B7-D996D80BD3B2}.Release|Any CPU.Build.0 = Release|Any CPU
		{95551AC5-394C-4155-A213-FBDC8F419B59}.Debug|Any CPU.ActiveCfg = Debug|Any CPU
		{95551AC5-394C-4155-A213-FBDC8F419B59}.Debug|Any CPU.Build.0 = Debug|Any CPU
		{95551AC5-394C-4155-A213-FBDC8F419B59}.Release|Any CPU.ActiveCfg = Release|Any CPU
		{95551AC5-394C-4155-A213-FBDC8F419B59}.Release|Any CPU.Build.0 = Release|Any CPU
		{731C6271-5EE8-4DC7-92A5-FE8FF4A21689}.Debug|Any CPU.ActiveCfg = Debug|Any CPU
		{731C6271-5EE8-4DC7-92A5-FE8FF4A21689}.Debug|Any CPU.Build.0 = Debug|Any CPU
		{731C6271-5EE8-4DC7-92A5-FE8FF4A21689}.Release|Any CPU.ActiveCfg = Release|Any CPU
		{731C6271-5EE8-4DC7-92A5-FE8FF4A21689}.Release|Any CPU.Build.0 = Release|Any CPU
	EndGlobalSection
	GlobalSection(SolutionProperties) = preSolution
		HideSolutionNode = FALSE
	EndGlobalSection
	GlobalSection(ExtensibilityGlobals) = postSolution
		SolutionGuid = {4F42B9E7-C85E-47AB-9B71-268BD87826F6}
	EndGlobalSection
EndGlobal
